
Microsoft Visual Studio Solution File, Format Version 12.00
Project("{FAE04EC0-301F-11D3-BF4B-00C04F79EFBC}") = "Day01", "Day01\Day01.csproj", "{F90140F7-037E-449A-81FE-9AD4F62BC29F}"
EndProject
Project("{FAE04EC0-301F-11D3-BF4B-00C04F79EFBC}") = "Common", "Common\Common.csproj", "{B837255A-59BB-41F1-B736-8F295EDBCEB7}"
EndProject
Project("{FAE04EC0-301F-11D3-BF4B-00C04F79EFBC}") = "Day02", "Day02\Day02.csproj", "{0ED19D8F-0D7F-4B03-8A99-14C024FAF670}"
EndProject
Project("{FAE04EC0-301F-11D3-BF4B-00C04F79EFBC}") = "Day03", "Day03\Day03.csproj", "{D0D55BB0-B2AC-4244-814F-CAD63BF4C79B}"
EndProject
Project("{FAE04EC0-301F-11D3-BF4B-00C04F79EFBC}") = "Day04", "Day04\Day04.csproj", "{ADBC1330-2343-47C4-9EBF-DA1C2C6A419C}"
EndProject
Project("{FAE04EC0-301F-11D3-BF4B-00C04F79EFBC}") = "Day05", "Day05\Day05.csproj", "{C1DAB4F3-020A-4699-A9B5-E47FCD57D291}"
EndProject
Project("{FAE04EC0-301F-11D3-BF4B-00C04F79EFBC}") = "Day06", "Day06\Day06.csproj", "{442876C0-FE02-467E-AAF1-4A2E9AFAF6B7}"
EndProject
Project("{FAE04EC0-301F-11D3-BF4B-00C04F79EFBC}") = "Day07", "Day07\Day07.csproj", "{6C938920-ACF2-461B-BB9E-9F8EDD52FC88}"
EndProject
Project("{FAE04EC0-301F-11D3-BF4B-00C04F79EFBC}") = "Day08", "Day08\Day08.csproj", "{49F041AA-3B96-4F02-80C7-A4895EDA6208}"
EndProject
Project("{FAE04EC0-301F-11D3-BF4B-00C04F79EFBC}") = "Day09", "Day09\Day09.csproj", "{3D9C1F8A-2211-4903-9A4F-D7DD2E78722A}"
EndProject
Project("{FAE04EC0-301F-11D3-BF4B-00C04F79EFBC}") = "Day10", "Day10\Day10.csproj", "{C9BA9DFC-C9CE-4A7D-8AD6-E8E8CAAF5C27}"
EndProject
Project("{FAE04EC0-301F-11D3-BF4B-00C04F79EFBC}") = "Day11", "Day11\Day11.csproj", "{071DA4DC-7B06-4CC0-B536-6C65B2820420}"
EndProject
Project("{FAE04EC0-301F-11D3-BF4B-00C04F79EFBC}") = "Day12", "Day12\Day12.csproj", "{1FFE0C8C-DFB3-4450-9988-68E5CD9482A2}"
EndProject
Project("{FAE04EC0-301F-11D3-BF4B-00C04F79EFBC}") = "Day13", "Day13\Day13.csproj", "{1AB145C9-CD27-41F7-875E-04D917F2450F}"
EndProject
Project("{FAE04EC0-301F-11D3-BF4B-00C04F79EFBC}") = "Day14", "Day14\Day14.csproj", "{2D8D2CEB-E0B4-4F19-9253-C5CDBC9E5622}"
EndProject
Project("{FAE04EC0-301F-11D3-BF4B-00C04F79EFBC}") = "Day15", "Day15\Day15.csproj", "{0BF3553A-E9AE-41A2-AB68-EE9F5BA8D21C}"
EndProject
Project("{FAE04EC0-301F-11D3-BF4B-00C04F79EFBC}") = "Day16", "Day16\Day16.csproj", "{B59BE16D-E00D-4DF7-AD0E-9CEDC7E74F13}"
EndProject
Project("{FAE04EC0-301F-11D3-BF4B-00C04F79EFBC}") = "Day17", "Day17\Day17.csproj", "{847DC902-694A-4635-9273-A651965D3B26}"
EndProject
Project("{FAE04EC0-301F-11D3-BF4B-00C04F79EFBC}") = "Day18", "Day18\Day18.csproj", "{D96DE7BB-C994-4A71-9954-3B92B483B356}"
EndProject
Global
	GlobalSection(SolutionConfigurationPlatforms) = preSolution
		Debug|Any CPU = Debug|Any CPU
		Release|Any CPU = Release|Any CPU
	EndGlobalSection
	GlobalSection(ProjectConfigurationPlatforms) = postSolution
		{F90140F7-037E-449A-81FE-9AD4F62BC29F}.Debug|Any CPU.ActiveCfg = Debug|Any CPU
		{F90140F7-037E-449A-81FE-9AD4F62BC29F}.Debug|Any CPU.Build.0 = Debug|Any CPU
		{F90140F7-037E-449A-81FE-9AD4F62BC29F}.Release|Any CPU.ActiveCfg = Release|Any CPU
		{F90140F7-037E-449A-81FE-9AD4F62BC29F}.Release|Any CPU.Build.0 = Release|Any CPU
		{B837255A-59BB-41F1-B736-8F295EDBCEB7}.Debug|Any CPU.ActiveCfg = Debug|Any CPU
		{B837255A-59BB-41F1-B736-8F295EDBCEB7}.Debug|Any CPU.Build.0 = Debug|Any CPU
		{B837255A-59BB-41F1-B736-8F295EDBCEB7}.Release|Any CPU.ActiveCfg = Release|Any CPU
		{B837255A-59BB-41F1-B736-8F295EDBCEB7}.Release|Any CPU.Build.0 = Release|Any CPU
		{0ED19D8F-0D7F-4B03-8A99-14C024FAF670}.Debug|Any CPU.ActiveCfg = Debug|Any CPU
		{0ED19D8F-0D7F-4B03-8A99-14C024FAF670}.Debug|Any CPU.Build.0 = Debug|Any CPU
		{0ED19D8F-0D7F-4B03-8A99-14C024FAF670}.Release|Any CPU.ActiveCfg = Release|Any CPU
		{0ED19D8F-0D7F-4B03-8A99-14C024FAF670}.Release|Any CPU.Build.0 = Release|Any CPU
		{D0D55BB0-B2AC-4244-814F-CAD63BF4C79B}.Debug|Any CPU.ActiveCfg = Debug|Any CPU
		{D0D55BB0-B2AC-4244-814F-CAD63BF4C79B}.Debug|Any CPU.Build.0 = Debug|Any CPU
		{D0D55BB0-B2AC-4244-814F-CAD63BF4C79B}.Release|Any CPU.ActiveCfg = Release|Any CPU
		{D0D55BB0-B2AC-4244-814F-CAD63BF4C79B}.Release|Any CPU.Build.0 = Release|Any CPU
		{ADBC1330-2343-47C4-9EBF-DA1C2C6A419C}.Debug|Any CPU.ActiveCfg = Debug|Any CPU
		{ADBC1330-2343-47C4-9EBF-DA1C2C6A419C}.Debug|Any CPU.Build.0 = Debug|Any CPU
		{ADBC1330-2343-47C4-9EBF-DA1C2C6A419C}.Release|Any CPU.ActiveCfg = Release|Any CPU
		{ADBC1330-2343-47C4-9EBF-DA1C2C6A419C}.Release|Any CPU.Build.0 = Release|Any CPU
		{C1DAB4F3-020A-4699-A9B5-E47FCD57D291}.Debug|Any CPU.ActiveCfg = Debug|Any CPU
		{C1DAB4F3-020A-4699-A9B5-E47FCD57D291}.Debug|Any CPU.Build.0 = Debug|Any CPU
		{C1DAB4F3-020A-4699-A9B5-E47FCD57D291}.Release|Any CPU.ActiveCfg = Release|Any CPU
		{C1DAB4F3-020A-4699-A9B5-E47FCD57D291}.Release|Any CPU.Build.0 = Release|Any CPU
		{442876C0-FE02-467E-AAF1-4A2E9AFAF6B7}.Debug|Any CPU.ActiveCfg = Debug|Any CPU
		{442876C0-FE02-467E-AAF1-4A2E9AFAF6B7}.Debug|Any CPU.Build.0 = Debug|Any CPU
		{442876C0-FE02-467E-AAF1-4A2E9AFAF6B7}.Release|Any CPU.ActiveCfg = Release|Any CPU
		{442876C0-FE02-467E-AAF1-4A2E9AFAF6B7}.Release|Any CPU.Build.0 = Release|Any CPU
		{6C938920-ACF2-461B-BB9E-9F8EDD52FC88}.Debug|Any CPU.ActiveCfg = Debug|Any CPU
		{6C938920-ACF2-461B-BB9E-9F8EDD52FC88}.Debug|Any CPU.Build.0 = Debug|Any CPU
		{6C938920-ACF2-461B-BB9E-9F8EDD52FC88}.Release|Any CPU.ActiveCfg = Release|Any CPU
		{6C938920-ACF2-461B-BB9E-9F8EDD52FC88}.Release|Any CPU.Build.0 = Release|Any CPU
		{49F041AA-3B96-4F02-80C7-A4895EDA6208}.Debug|Any CPU.ActiveCfg = Debug|Any CPU
		{49F041AA-3B96-4F02-80C7-A4895EDA6208}.Debug|Any CPU.Build.0 = Debug|Any CPU
		{49F041AA-3B96-4F02-80C7-A4895EDA6208}.Release|Any CPU.ActiveCfg = Release|Any CPU
		{49F041AA-3B96-4F02-80C7-A4895EDA6208}.Release|Any CPU.Build.0 = Release|Any CPU
		{3D9C1F8A-2211-4903-9A4F-D7DD2E78722A}.Debug|Any CPU.ActiveCfg = Debug|Any CPU
		{3D9C1F8A-2211-4903-9A4F-D7DD2E78722A}.Debug|Any CPU.Build.0 = Debug|Any CPU
		{3D9C1F8A-2211-4903-9A4F-D7DD2E78722A}.Release|Any CPU.ActiveCfg = Release|Any CPU
		{3D9C1F8A-2211-4903-9A4F-D7DD2E78722A}.Release|Any CPU.Build.0 = Release|Any CPU
		{C9BA9DFC-C9CE-4A7D-8AD6-E8E8CAAF5C27}.Debug|Any CPU.ActiveCfg = Debug|Any CPU
		{C9BA9DFC-C9CE-4A7D-8AD6-E8E8CAAF5C27}.Debug|Any CPU.Build.0 = Debug|Any CPU
		{C9BA9DFC-C9CE-4A7D-8AD6-E8E8CAAF5C27}.Release|Any CPU.ActiveCfg = Release|Any CPU
		{C9BA9DFC-C9CE-4A7D-8AD6-E8E8CAAF5C27}.Release|Any CPU.Build.0 = Release|Any CPU
		{071DA4DC-7B06-4CC0-B536-6C65B2820420}.Debug|Any CPU.ActiveCfg = Debug|Any CPU
		{071DA4DC-7B06-4CC0-B536-6C65B2820420}.Debug|Any CPU.Build.0 = Debug|Any CPU
		{071DA4DC-7B06-4CC0-B536-6C65B2820420}.Release|Any CPU.ActiveCfg = Release|Any CPU
		{071DA4DC-7B06-4CC0-B536-6C65B2820420}.Release|Any CPU.Build.0 = Release|Any CPU
		{1FFE0C8C-DFB3-4450-9988-68E5CD9482A2}.Debug|Any CPU.ActiveCfg = Debug|Any CPU
		{1FFE0C8C-DFB3-4450-9988-68E5CD9482A2}.Debug|Any CPU.Build.0 = Debug|Any CPU
		{1AB145C9-CD27-41F7-875E-04D917F2450F}.Debug|Any CPU.ActiveCfg = Debug|Any CPU
		{1AB145C9-CD27-41F7-875E-04D917F2450F}.Debug|Any CPU.Build.0 = Debug|Any CPU
		{2D8D2CEB-E0B4-4F19-9253-C5CDBC9E5622}.Debug|Any CPU.ActiveCfg = Debug|Any CPU
		{2D8D2CEB-E0B4-4F19-9253-C5CDBC9E5622}.Debug|Any CPU.Build.0 = Debug|Any CPU
		{0BF3553A-E9AE-41A2-AB68-EE9F5BA8D21C}.Debug|Any CPU.ActiveCfg = Debug|Any CPU
		{0BF3553A-E9AE-41A2-AB68-EE9F5BA8D21C}.Debug|Any CPU.Build.0 = Debug|Any CPU
		{B59BE16D-E00D-4DF7-AD0E-9CEDC7E74F13}.Debug|Any CPU.ActiveCfg = Debug|Any CPU
		{B59BE16D-E00D-4DF7-AD0E-9CEDC7E74F13}.Debug|Any CPU.Build.0 = Debug|Any CPU
		{847DC902-694A-4635-9273-A651965D3B26}.Debug|Any CPU.ActiveCfg = Debug|Any CPU
		{847DC902-694A-4635-9273-A651965D3B26}.Debug|Any CPU.Build.0 = Debug|Any CPU
		{D96DE7BB-C994-4A71-9954-3B92B483B356}.Debug|Any CPU.ActiveCfg = Debug|Any CPU
		{D96DE7BB-C994-4A71-9954-3B92B483B356}.Debug|Any CPU.Build.0 = Debug|Any CPU
	EndGlobalSection
EndGlobal
